
Microsoft Visual Studio Solution File, Format Version 12.00
# Visual Studio Version 17
VisualStudioVersion = 17.5.33627.172
MinimumVisualStudioVersion = 10.0.40219.1
Project("{9A19103F-16F7-4668-BE54-9A1E7A4F7556}") = "ForSight.TimeZonesService.Data", "ForSight.TimeZonesService.Data\ForSight.TimeZonesService.Data.csproj", "{BB3AA29E-475E-4544-9C1B-C797BB632728}"
EndProject
Project("{9A19103F-16F7-4668-BE54-9A1E7A4F7556}") = "ForSight.TimezonesService.Core", "ForSight.TimeZonesService.Core\ForSight.TimezonesService.Core.csproj", "{18BC15ED-C83F-4424-9317-F71B13048632}"
EndProject
Project("{9A19103F-16F7-4668-BE54-9A1E7A4F7556}") = "ForSight.TimeZonesService.Handlers", "ForSight.TimeZonesService.Handlers\ForSight.TimeZonesService.Handlers.csproj", "{250457EF-48B3-4FA5-81FC-F6DC3B5E0607}"
	ProjectSection(ProjectDependencies) = postProject
		{18BC15ED-C83F-4424-9317-F71B13048632} = {18BC15ED-C83F-4424-9317-F71B13048632}
		{BB3AA29E-475E-4544-9C1B-C797BB632728} = {BB3AA29E-475E-4544-9C1B-C797BB632728}
	EndProjectSection
EndProject
Project("{9A19103F-16F7-4668-BE54-9A1E7A4F7556}") = "ForSight.TimeZonesService.API", "ForSight.TimeZonesService.API\ForSight.TimeZonesService.API.csproj", "{C421B0BB-0EC0-43AC-85C7-BD2B104B01C3}"
EndProject
Global
	GlobalSection(SolutionConfigurationPlatforms) = preSolution
		Debug|Any CPU = Debug|Any CPU
		Release|Any CPU = Release|Any CPU
	EndGlobalSection
	GlobalSection(ProjectConfigurationPlatforms) = postSolution
		{BB3AA29E-475E-4544-9C1B-C797BB632728}.Debug|Any CPU.ActiveCfg = Debug|Any CPU
		{BB3AA29E-475E-4544-9C1B-C797BB632728}.Debug|Any CPU.Build.0 = Debug|Any CPU
		{BB3AA29E-475E-4544-9C1B-C797BB632728}.Release|Any CPU.ActiveCfg = Release|Any CPU
		{BB3AA29E-475E-4544-9C1B-C797BB632728}.Release|Any CPU.Build.0 = Release|Any CPU
		{18BC15ED-C83F-4424-9317-F71B13048632}.Debug|Any CPU.ActiveCfg = Debug|Any CPU
		{18BC15ED-C83F-4424-9317-F71B13048632}.Debug|Any CPU.Build.0 = Debug|Any CPU
		{18BC15ED-C83F-4424-9317-F71B13048632}.Release|Any CPU.ActiveCfg = Release|Any CPU
		{18BC15ED-C83F-4424-9317-F71B13048632}.Release|Any CPU.Build.0 = Release|Any CPU
		{250457EF-48B3-4FA5-81FC-F6DC3B5E0607}.Debug|Any CPU.ActiveCfg = Debug|Any CPU
		{250457EF-48B3-4FA5-81FC-F6DC3B5E0607}.Debug|Any CPU.Build.0 = Debug|Any CPU
		{250457EF-48B3-4FA5-81FC-F6DC3B5E0607}.Release|Any CPU.ActiveCfg = Release|Any CPU
		{250457EF-48B3-4FA5-81FC-F6DC3B5E0607}.Release|Any CPU.Build.0 = Release|Any CPU
		{C421B0BB-0EC0-43AC-85C7-BD2B104B01C3}.Debug|Any CPU.ActiveCfg = Debug|Any CPU
		{C421B0BB-0EC0-43AC-85C7-BD2B104B01C3}.Debug|Any CPU.Build.0 = Debug|Any CPU
		{C421B0BB-0EC0-43AC-85C7-BD2B104B01C3}.Release|Any CPU.ActiveCfg = Release|Any CPU
		{C421B0BB-0EC0-43AC-85C7-BD2B104B01C3}.Release|Any CPU.Build.0 = Release|Any CPU
	EndGlobalSection
	GlobalSection(SolutionProperties) = preSolution
		HideSolutionNode = FALSE
	EndGlobalSection
	GlobalSection(ExtensibilityGlobals) = postSolution
		SolutionGuid = {7CD3A9C0-9D65-438C-ACA9-D2B4A91693A9}
	EndGlobalSection
EndGlobal
